// !$*UTF8*$!
{
	archiveVersion = 1;
	classes = {
	};
	objectVersion = 50;
	objects = {

/* Begin PBXBuildFile section */
		4636BF8125BC5D5000012FDD /* AppDelegate.swift in Sources */ = {isa = PBXBuildFile; fileRef = 4636BF8025BC5D5000012FDD /* AppDelegate.swift */; };
		4636BF8325BC5D5000012FDD /* SceneDelegate.swift in Sources */ = {isa = PBXBuildFile; fileRef = 4636BF8225BC5D5000012FDD /* SceneDelegate.swift */; };
		4636BF8525BC5D5000012FDD /* ViewController.swift in Sources */ = {isa = PBXBuildFile; fileRef = 4636BF8425BC5D5000012FDD /* ViewController.swift */; };
		4636BF8825BC5D5000012FDD /* Main.storyboard in Resources */ = {isa = PBXBuildFile; fileRef = 4636BF8625BC5D5000012FDD /* Main.storyboard */; };
		4636BF8A25BC5D5100012FDD /* Assets.xcassets in Resources */ = {isa = PBXBuildFile; fileRef = 4636BF8925BC5D5100012FDD /* Assets.xcassets */; };
		4636BF8D25BC5D5100012FDD /* LaunchScreen.storyboard in Resources */ = {isa = PBXBuildFile; fileRef = 4636BF8B25BC5D5100012FDD /* LaunchScreen.storyboard */; };
		4636BF9625BC6D3A00012FDD /* AppCoordinator.swift in Sources */ = {isa = PBXBuildFile; fileRef = 4636BF9525BC6D3A00012FDD /* AppCoordinator.swift */; };
		4636BF9C25BC908F00012FDD /* PokemonListCoordinator.swift in Sources */ = {isa = PBXBuildFile; fileRef = 4636BF9B25BC908F00012FDD /* PokemonListCoordinator.swift */; };
		4636BFA025BC93E200012FDD /* PokemonListViewController.swift in Sources */ = {isa = PBXBuildFile; fileRef = 4636BF9F25BC93E200012FDD /* PokemonListViewController.swift */; };
		4636BFA625BC977000012FDD /* PokemonCell.swift in Sources */ = {isa = PBXBuildFile; fileRef = 4636BFA525BC977000012FDD /* PokemonCell.swift */; };
/* End PBXBuildFile section */

/* Begin PBXFileReference section */
		4636BF7D25BC5D5000012FDD /* PokeApp.app */ = {isa = PBXFileReference; explicitFileType = wrapper.application; includeInIndex = 0; path = PokeApp.app; sourceTree = BUILT_PRODUCTS_DIR; };
		4636BF8025BC5D5000012FDD /* AppDelegate.swift */ = {isa = PBXFileReference; lastKnownFileType = sourcecode.swift; path = AppDelegate.swift; sourceTree = "<group>"; };
		4636BF8225BC5D5000012FDD /* SceneDelegate.swift */ = {isa = PBXFileReference; lastKnownFileType = sourcecode.swift; path = SceneDelegate.swift; sourceTree = "<group>"; };
		4636BF8425BC5D5000012FDD /* ViewController.swift */ = {isa = PBXFileReference; lastKnownFileType = sourcecode.swift; path = ViewController.swift; sourceTree = "<group>"; };
		4636BF8725BC5D5000012FDD /* Base */ = {isa = PBXFileReference; lastKnownFileType = file.storyboard; name = Base; path = Base.lproj/Main.storyboard; sourceTree = "<group>"; };
		4636BF8925BC5D5100012FDD /* Assets.xcassets */ = {isa = PBXFileReference; lastKnownFileType = folder.assetcatalog; path = Assets.xcassets; sourceTree = "<group>"; };
		4636BF8C25BC5D5100012FDD /* Base */ = {isa = PBXFileReference; lastKnownFileType = file.storyboard; name = Base; path = Base.lproj/LaunchScreen.storyboard; sourceTree = "<group>"; };
		4636BF8E25BC5D5100012FDD /* Info.plist */ = {isa = PBXFileReference; lastKnownFileType = text.plist.xml; path = Info.plist; sourceTree = "<group>"; };
		4636BF9525BC6D3A00012FDD /* AppCoordinator.swift */ = {isa = PBXFileReference; lastKnownFileType = sourcecode.swift; path = AppCoordinator.swift; sourceTree = "<group>"; };
		4636BF9B25BC908F00012FDD /* PokemonListCoordinator.swift */ = {isa = PBXFileReference; lastKnownFileType = sourcecode.swift; path = PokemonListCoordinator.swift; sourceTree = "<group>"; };
		4636BF9F25BC93E200012FDD /* PokemonListViewController.swift */ = {isa = PBXFileReference; lastKnownFileType = sourcecode.swift; path = PokemonListViewController.swift; sourceTree = "<group>"; };
		4636BFA525BC977000012FDD /* PokemonCell.swift */ = {isa = PBXFileReference; lastKnownFileType = sourcecode.swift; path = PokemonCell.swift; sourceTree = "<group>"; };
/* End PBXFileReference section */

/* Begin PBXFrameworksBuildPhase section */
		4636BF7A25BC5D5000012FDD /* Frameworks */ = {
			isa = PBXFrameworksBuildPhase;
			buildActionMask = 2147483647;
			files = (
			);
			runOnlyForDeploymentPostprocessing = 0;
		};
/* End PBXFrameworksBuildPhase section */

/* Begin PBXGroup section */
		4636BF7425BC5D5000012FDD = {
			isa = PBXGroup;
			children = (
				4636BF7F25BC5D5000012FDD /* PokeApp */,
				4636BF7E25BC5D5000012FDD /* Products */,
			);
			sourceTree = "<group>";
		};
		4636BF7E25BC5D5000012FDD /* Products */ = {
			isa = PBXGroup;
			children = (
				4636BF7D25BC5D5000012FDD /* PokeApp.app */,
			);
			name = Products;
			sourceTree = "<group>";
		};
		4636BF7F25BC5D5000012FDD /* PokeApp */ = {
			isa = PBXGroup;
			children = (
				4636BF9825BC6D3F00012FDD /* Coordinators */,
				4636BF9E25BC93CF00012FDD /* Controllers */,
				4636BFA325BC974200012FDD /* Views */,
				4636BF8025BC5D5000012FDD /* AppDelegate.swift */,
				4636BF8225BC5D5000012FDD /* SceneDelegate.swift */,
				4636BF8425BC5D5000012FDD /* ViewController.swift */,
				4636BF8625BC5D5000012FDD /* Main.storyboard */,
				4636BF8925BC5D5100012FDD /* Assets.xcassets */,
				4636BF8B25BC5D5100012FDD /* LaunchScreen.storyboard */,
				4636BF8E25BC5D5100012FDD /* Info.plist */,
			);
			path = PokeApp;
			sourceTree = "<group>";
		};
		4636BF9825BC6D3F00012FDD /* Coordinators */ = {
			isa = PBXGroup;
			children = (
				4636BF9525BC6D3A00012FDD /* AppCoordinator.swift */,
				4636BF9B25BC908F00012FDD /* PokemonListCoordinator.swift */,
			);
			path = Coordinators;
			sourceTree = "<group>";
		};
		4636BF9E25BC93CF00012FDD /* Controllers */ = {
			isa = PBXGroup;
			children = (
				4636BF9F25BC93E200012FDD /* PokemonListViewController.swift */,
			);
			path = Controllers;
			sourceTree = "<group>";
		};
		4636BFA325BC974200012FDD /* Views */ = {
			isa = PBXGroup;
			children = (
				4636BFA425BC976200012FDD /* Cell */,
			);
			path = Views;
			sourceTree = "<group>";
		};
		4636BFA425BC976200012FDD /* Cell */ = {
			isa = PBXGroup;
			children = (
				4636BFA525BC977000012FDD /* PokemonCell.swift */,
			);
			path = Cell;
			sourceTree = "<group>";
		};
/* End PBXGroup section */

/* Begin PBXNativeTarget section */
		4636BF7C25BC5D5000012FDD /* PokeApp */ = {
			isa = PBXNativeTarget;
			buildConfigurationList = 4636BF9125BC5D5100012FDD /* Build configuration list for PBXNativeTarget "PokeApp" */;
			buildPhases = (
				4636BF7925BC5D5000012FDD /* Sources */,
				4636BF7A25BC5D5000012FDD /* Frameworks */,
				4636BF7B25BC5D5000012FDD /* Resources */,
				4636BF9925BC905A00012FDD /* ShellScript */,
			);
			buildRules = (
			);
			dependencies = (
			);
			name = PokeApp;
			productName = PokeApp;
			productReference = 4636BF7D25BC5D5000012FDD /* PokeApp.app */;
			productType = "com.apple.product-type.application";
		};
/* End PBXNativeTarget section */

/* Begin PBXProject section */
		4636BF7525BC5D5000012FDD /* Project object */ = {
			isa = PBXProject;
			attributes = {
				LastSwiftUpdateCheck = 1230;
				LastUpgradeCheck = 1230;
				TargetAttributes = {
					4636BF7C25BC5D5000012FDD = {
						CreatedOnToolsVersion = 12.3;
					};
				};
			};
			buildConfigurationList = 4636BF7825BC5D5000012FDD /* Build configuration list for PBXProject "PokeApp" */;
			compatibilityVersion = "Xcode 9.3";
			developmentRegion = en;
			hasScannedForEncodings = 0;
			knownRegions = (
				en,
				Base,
			);
			mainGroup = 4636BF7425BC5D5000012FDD;
			productRefGroup = 4636BF7E25BC5D5000012FDD /* Products */;
			projectDirPath = "";
			projectRoot = "";
			targets = (
				4636BF7C25BC5D5000012FDD /* PokeApp */,
			);
		};
/* End PBXProject section */

/* Begin PBXResourcesBuildPhase section */
		4636BF7B25BC5D5000012FDD /* Resources */ = {
			isa = PBXResourcesBuildPhase;
			buildActionMask = 2147483647;
			files = (
				4636BF8D25BC5D5100012FDD /* LaunchScreen.storyboard in Resources */,
				4636BF8A25BC5D5100012FDD /* Assets.xcassets in Resources */,
				4636BF8825BC5D5000012FDD /* Main.storyboard in Resources */,
			);
			runOnlyForDeploymentPostprocessing = 0;
		};
/* End PBXResourcesBuildPhase section */

/* Begin PBXShellScriptBuildPhase section */
		4636BF9925BC905A00012FDD /* ShellScript */ = {
			isa = PBXShellScriptBuildPhase;
			buildActionMask = 2147483647;
			files = (
			);
			inputFileListPaths = (
			);
			inputPaths = (
			);
			outputFileListPaths = (
			);
			outputPaths = (
			);
			runOnlyForDeploymentPostprocessing = 0;
			shellPath = /bin/sh;
			shellScript = "if which swiftlint >/dev/null; then\n  swiftlint\nelse\n  echo \"warning: SwiftLint not installed, download from https://github.com/realm/SwiftLint\"\nfi\n";
		};
/* End PBXShellScriptBuildPhase section */

/* Begin PBXSourcesBuildPhase section */
		4636BF7925BC5D5000012FDD /* Sources */ = {
			isa = PBXSourcesBuildPhase;
			buildActionMask = 2147483647;
			files = (
				4636BF9625BC6D3A00012FDD /* AppCoordinator.swift in Sources */,
				4636BF8525BC5D5000012FDD /* ViewController.swift in Sources */,
				4636BF8125BC5D5000012FDD /* AppDelegate.swift in Sources */,
				4636BF9C25BC908F00012FDD /* PokemonListCoordinator.swift in Sources */,
				4636BFA025BC93E200012FDD /* PokemonListViewController.swift in Sources */,
				4636BFA625BC977000012FDD /* PokemonCell.swift in Sources */,
				4636BF8325BC5D5000012FDD /* SceneDelegate.swift in Sources */,
			);
			runOnlyForDeploymentPostprocessing = 0;
		};
/* End PBXSourcesBuildPhase section */

/* Begin PBXVariantGroup section */
		4636BF8625BC5D5000012FDD /* Main.storyboard */ = {
			isa = PBXVariantGroup;
			children = (
				4636BF8725BC5D5000012FDD /* Base */,
			);
			name = Main.storyboard;
			sourceTree = "<group>";
		};
		4636BF8B25BC5D5100012FDD /* LaunchScreen.storyboard */ = {
			isa = PBXVariantGroup;
			children = (
				4636BF8C25BC5D5100012FDD /* Base */,
			);
			name = LaunchScreen.storyboard;
			sourceTree = "<group>";
		};
/* End PBXVariantGroup section */

/* Begin XCBuildConfiguration section */
		4636BF8F25BC5D5100012FDD /* Debug */ = {
			isa = XCBuildConfiguration;
			buildSettings = {
				ALWAYS_SEARCH_USER_PATHS = NO;
				CLANG_ANALYZER_NONNULL = YES;
				CLANG_ANALYZER_NUMBER_OBJECT_CONVERSION = YES_AGGRESSIVE;
				CLANG_CXX_LANGUAGE_STANDARD = "gnu++14";
				CLANG_CXX_LIBRARY = "libc++";
				CLANG_ENABLE_MODULES = YES;
				CLANG_ENABLE_OBJC_ARC = YES;
				CLANG_ENABLE_OBJC_WEAK = YES;
				CLANG_WARN_BLOCK_CAPTURE_AUTORELEASING = YES;
				CLANG_WARN_BOOL_CONVERSION = YES;
				CLANG_WARN_COMMA = YES;
				CLANG_WARN_CONSTANT_CONVERSION = YES;
				CLANG_WARN_DEPRECATED_OBJC_IMPLEMENTATIONS = YES;
				CLANG_WARN_DIRECT_OBJC_ISA_USAGE = YES_ERROR;
				CLANG_WARN_DOCUMENTATION_COMMENTS = YES;
				CLANG_WARN_EMPTY_BODY = YES;
				CLANG_WARN_ENUM_CONVERSION = YES;
				CLANG_WARN_INFINITE_RECURSION = YES;
				CLANG_WARN_INT_CONVERSION = YES;
				CLANG_WARN_NON_LITERAL_NULL_CONVERSION = YES;
				CLANG_WARN_OBJC_IMPLICIT_RETAIN_SELF = YES;
				CLANG_WARN_OBJC_LITERAL_CONVERSION = YES;
				CLANG_WARN_OBJC_ROOT_CLASS = YES_ERROR;
				CLANG_WARN_QUOTED_INCLUDE_IN_FRAMEWORK_HEADER = YES;
				CLANG_WARN_RANGE_LOOP_ANALYSIS = YES;
				CLANG_WARN_STRICT_PROTOTYPES = YES;
				CLANG_WARN_SUSPICIOUS_MOVE = YES;
				CLANG_WARN_UNGUARDED_AVAILABILITY = YES_AGGRESSIVE;
				CLANG_WARN_UNREACHABLE_CODE = YES;
				CLANG_WARN__DUPLICATE_METHOD_MATCH = YES;
				COPY_PHASE_STRIP = NO;
				DEBUG_INFORMATION_FORMAT = dwarf;
				ENABLE_STRICT_OBJC_MSGSEND = YES;
				ENABLE_TESTABILITY = YES;
				GCC_C_LANGUAGE_STANDARD = gnu11;
				GCC_DYNAMIC_NO_PIC = NO;
				GCC_NO_COMMON_BLOCKS = YES;
				GCC_OPTIMIZATION_LEVEL = 0;
				GCC_PREPROCESSOR_DEFINITIONS = (
					"DEBUG=1",
					"$(inherited)",
				);
				GCC_WARN_64_TO_32_BIT_CONVERSION = YES;
				GCC_WARN_ABOUT_RETURN_TYPE = YES_ERROR;
				GCC_WARN_UNDECLARED_SELECTOR = YES;
				GCC_WARN_UNINITIALIZED_AUTOS = YES_AGGRESSIVE;
				GCC_WARN_UNUSED_FUNCTION = YES;
				GCC_WARN_UNUSED_VARIABLE = YES;
				IPHONEOS_DEPLOYMENT_TARGET = 14.3;
				MTL_ENABLE_DEBUG_INFO = INCLUDE_SOURCE;
				MTL_FAST_MATH = YES;
				ONLY_ACTIVE_ARCH = YES;
				SDKROOT = iphoneos;
				SWIFT_ACTIVE_COMPILATION_CONDITIONS = DEBUG;
				SWIFT_OPTIMIZATION_LEVEL = "-Onone";
			};
			name = Debug;
		};
		4636BF9025BC5D5100012FDD /* Release */ = {
			isa = XCBuildConfiguration;
			buildSettings = {
				ALWAYS_SEARCH_USER_PATHS = NO;
				CLANG_ANALYZER_NONNULL = YES;
				CLANG_ANALYZER_NUMBER_OBJECT_CONVERSION = YES_AGGRESSIVE;
				CLANG_CXX_LANGUAGE_STANDARD = "gnu++14";
				CLANG_CXX_LIBRARY = "libc++";
				CLANG_ENABLE_MODULES = YES;
				CLANG_ENABLE_OBJC_ARC = YES;
				CLANG_ENABLE_OBJC_WEAK = YES;
				CLANG_WARN_BLOCK_CAPTURE_AUTORELEASING = YES;
				CLANG_WARN_BOOL_CONVERSION = YES;
				CLANG_WARN_COMMA = YES;
				CLANG_WARN_CONSTANT_CONVERSION = YES;
				CLANG_WARN_DEPRECATED_OBJC_IMPLEMENTATIONS = YES;
				CLANG_WARN_DIRECT_OBJC_ISA_USAGE = YES_ERROR;
				CLANG_WARN_DOCUMENTATION_COMMENTS = YES;
				CLANG_WARN_EMPTY_BODY = YES;
				CLANG_WARN_ENUM_CONVERSION = YES;
				CLANG_WARN_INFINITE_RECURSION = YES;
				CLANG_WARN_INT_CONVERSION = YES;
				CLANG_WARN_NON_LITERAL_NULL_CONVERSION = YES;
				CLANG_WARN_OBJC_IMPLICIT_RETAIN_SELF = YES;
				CLANG_WARN_OBJC_LITERAL_CONVERSION = YES;
				CLANG_WARN_OBJC_ROOT_CLASS = YES_ERROR;
				CLANG_WARN_QUOTED_INCLUDE_IN_FRAMEWORK_HEADER = YES;
				CLANG_WARN_RANGE_LOOP_ANALYSIS = YES;
				CLANG_WARN_STRICT_PROTOTYPES = YES;
				CLANG_WARN_SUSPICIOUS_MOVE = YES;
				CLANG_WARN_UNGUARDED_AVAILABILITY = YES_AGGRESSIVE;
				CLANG_WARN_UNREACHABLE_CODE = YES;
				CLANG_WARN__DUPLICATE_METHOD_MATCH = YES;
				COPY_PHASE_STRIP = NO;
				DEBUG_INFORMATION_FORMAT = "dwarf-with-dsym";
				ENABLE_NS_ASSERTIONS = NO;
				ENABLE_STRICT_OBJC_MSGSEND = YES;
				GCC_C_LANGUAGE_STANDARD = gnu11;
				GCC_NO_COMMON_BLOCKS = YES;
				GCC_WARN_64_TO_32_BIT_CONVERSION = YES;
				GCC_WARN_ABOUT_RETURN_TYPE = YES_ERROR;
				GCC_WARN_UNDECLARED_SELECTOR = YES;
				GCC_WARN_UNINITIALIZED_AUTOS = YES_AGGRESSIVE;
				GCC_WARN_UNUSED_FUNCTION = YES;
				GCC_WARN_UNUSED_VARIABLE = YES;
				IPHONEOS_DEPLOYMENT_TARGET = 14.3;
				MTL_ENABLE_DEBUG_INFO = NO;
				MTL_FAST_MATH = YES;
				SDKROOT = iphoneos;
				SWIFT_COMPILATION_MODE = wholemodule;
				SWIFT_OPTIMIZATION_LEVEL = "-O";
				VALIDATE_PRODUCT = YES;
			};
			name = Release;
		};
		4636BF9225BC5D5100012FDD /* Debug */ = {
			isa = XCBuildConfiguration;
			buildSettings = {
				ASSETCATALOG_COMPILER_APPICON_NAME = AppIcon;
				ASSETCATALOG_COMPILER_GLOBAL_ACCENT_COLOR_NAME = AccentColor;
				CODE_SIGN_STYLE = Automatic;
				INFOPLIST_FILE = PokeApp/Info.plist;
				LD_RUNPATH_SEARCH_PATHS = (
					"$(inherited)",
					"@executable_path/Frameworks",
				);
				PRODUCT_BUNDLE_IDENTIFIER = com.revangelista.PokeApp;
				PRODUCT_NAME = "$(TARGET_NAME)";
				SWIFT_VERSION = 5.0;
				TARGETED_DEVICE_FAMILY = "1,2";
			};
			name = Debug;
		};
		4636BF9325BC5D5100012FDD /* Release */ = {
			isa = XCBuildConfiguration;
			buildSettings = {
				ASSETCATALOG_COMPILER_APPICON_NAME = AppIcon;
				ASSETCATALOG_COMPILER_GLOBAL_ACCENT_COLOR_NAME = AccentColor;
				CODE_SIGN_STYLE = Automatic;
				INFOPLIST_FILE = PokeApp/Info.plist;
				LD_RUNPATH_SEARCH_PATHS = (
					"$(inherited)",
					"@executable_path/Frameworks",
				);
				PRODUCT_BUNDLE_IDENTIFIER = com.revangelista.PokeApp;
				PRODUCT_NAME = "$(TARGET_NAME)";
				SWIFT_VERSION = 5.0;
				TARGETED_DEVICE_FAMILY = "1,2";
			};
			name = Release;
		};
/* End XCBuildConfiguration section */

/* Begin XCConfigurationList section */
		4636BF7825BC5D5000012FDD /* Build configuration list for PBXProject "PokeApp" */ = {
			isa = XCConfigurationList;
			buildConfigurations = (
				4636BF8F25BC5D5100012FDD /* Debug */,
				4636BF9025BC5D5100012FDD /* Release */,
			);
			defaultConfigurationIsVisible = 0;
			defaultConfigurationName = Release;
		};
		4636BF9125BC5D5100012FDD /* Build configuration list for PBXNativeTarget "PokeApp" */ = {
			isa = XCConfigurationList;
			buildConfigurations = (
				4636BF9225BC5D5100012FDD /* Debug */,
				4636BF9325BC5D5100012FDD /* Release */,
			);
			defaultConfigurationIsVisible = 0;
			defaultConfigurationName = Release;
		};
/* End XCConfigurationList section */
	};
	rootObject = 4636BF7525BC5D5000012FDD /* Project object */;
}
