// !$*UTF8*$!
{
	archiveVersion = 1;
	classes = {
	};
	objectVersion = 51;
	objects = {

/* Begin PBXBuildFile section */
		460671BC25C36EA300E4F220 /* PokemonBoxView.swift in Sources */ = {isa = PBXBuildFile; fileRef = 460671BB25C36EA300E4F220 /* PokemonBoxView.swift */; };
		460671BF25C37A3800E4F220 /* UIColor+Ext.swift in Sources */ = {isa = PBXBuildFile; fileRef = 460671BE25C37A3800E4F220 /* UIColor+Ext.swift */; };
		460671C225C384E800E4F220 /* PokemonDetailsViewModel.swift in Sources */ = {isa = PBXBuildFile; fileRef = 460671C125C384E800E4F220 /* PokemonDetailsViewModel.swift */; };
		462AFA7A25C0DCE900B0A259 /* PokemonListViewModel.swift in Sources */ = {isa = PBXBuildFile; fileRef = 462AFA7925C0DCE900B0A259 /* PokemonListViewModel.swift */; };
		4636BF8125BC5D5000012FDD /* AppDelegate.swift in Sources */ = {isa = PBXBuildFile; fileRef = 4636BF8025BC5D5000012FDD /* AppDelegate.swift */; };
		4636BF8325BC5D5000012FDD /* SceneDelegate.swift in Sources */ = {isa = PBXBuildFile; fileRef = 4636BF8225BC5D5000012FDD /* SceneDelegate.swift */; };
		4636BF8A25BC5D5100012FDD /* Assets.xcassets in Resources */ = {isa = PBXBuildFile; fileRef = 4636BF8925BC5D5100012FDD /* Assets.xcassets */; };
		4636BF8D25BC5D5100012FDD /* LaunchScreen.storyboard in Resources */ = {isa = PBXBuildFile; fileRef = 4636BF8B25BC5D5100012FDD /* LaunchScreen.storyboard */; };
		4636BFA025BC93E200012FDD /* PokemonListViewController.swift in Sources */ = {isa = PBXBuildFile; fileRef = 4636BF9F25BC93E200012FDD /* PokemonListViewController.swift */; };
		4636BFA625BC977000012FDD /* PokemonCell.swift in Sources */ = {isa = PBXBuildFile; fileRef = 4636BFA525BC977000012FDD /* PokemonCell.swift */; };
		4636BFAA25BC9FD400012FDD /* PokemonListService.swift in Sources */ = {isa = PBXBuildFile; fileRef = 4636BFA925BC9FD400012FDD /* PokemonListService.swift */; };
		4636BFAE25BCA2C700012FDD /* NetworkError.swift in Sources */ = {isa = PBXBuildFile; fileRef = 4636BFAD25BCA2C700012FDD /* NetworkError.swift */; };
		4636BFB325BCA32700012FDD /* PokemonItem.swift in Sources */ = {isa = PBXBuildFile; fileRef = 4636BFB225BCA32700012FDD /* PokemonItem.swift */; };
		4636BFB625BCAD2800012FDD /* PokemonAPIResponse.swift in Sources */ = {isa = PBXBuildFile; fileRef = 4636BFB525BCAD2800012FDD /* PokemonAPIResponse.swift */; };
		4637C5B125C0D73600E766AD /* PokeAPI.swift in Sources */ = {isa = PBXBuildFile; fileRef = 4637C5B025C0D73600E766AD /* PokeAPI.swift */; };
		4640DC0225C33E5300421F12 /* PokemonDetailsViewController.swift in Sources */ = {isa = PBXBuildFile; fileRef = 4640DC0125C33E5300421F12 /* PokemonDetailsViewController.swift */; };
		46877AF425C2324500DA9695 /* UIImageView+Nuke.swift in Sources */ = {isa = PBXBuildFile; fileRef = 46877AF325C2324500DA9695 /* UIImageView+Nuke.swift */; };
		46D860C625BF87D4008AC166 /* UIHelper.swift in Sources */ = {isa = PBXBuildFile; fileRef = 46D860C525BF87D4008AC166 /* UIHelper.swift */; };
		DE1DBF7F4C2082912C1CA745 /* Pods_PokeApp.framework in Frameworks */ = {isa = PBXBuildFile; fileRef = D55ADFAE44E6780EA965D1BB /* Pods_PokeApp.framework */; };
/* End PBXBuildFile section */

/* Begin PBXFileReference section */
		1CDC36B12F8F68A0ABAB5B3E /* Pods-PokeApp.release.xcconfig */ = {isa = PBXFileReference; includeInIndex = 1; lastKnownFileType = text.xcconfig; name = "Pods-PokeApp.release.xcconfig"; path = "Target Support Files/Pods-PokeApp/Pods-PokeApp.release.xcconfig"; sourceTree = "<group>"; };
		460671BB25C36EA300E4F220 /* PokemonBoxView.swift */ = {isa = PBXFileReference; lastKnownFileType = sourcecode.swift; path = PokemonBoxView.swift; sourceTree = "<group>"; };
		460671BE25C37A3800E4F220 /* UIColor+Ext.swift */ = {isa = PBXFileReference; lastKnownFileType = sourcecode.swift; path = "UIColor+Ext.swift"; sourceTree = "<group>"; };
		460671C125C384E800E4F220 /* PokemonDetailsViewModel.swift */ = {isa = PBXFileReference; lastKnownFileType = sourcecode.swift; path = PokemonDetailsViewModel.swift; sourceTree = "<group>"; };
		462AFA7925C0DCE900B0A259 /* PokemonListViewModel.swift */ = {isa = PBXFileReference; lastKnownFileType = sourcecode.swift; path = PokemonListViewModel.swift; sourceTree = "<group>"; };
		4636BF7D25BC5D5000012FDD /* PokeApp.app */ = {isa = PBXFileReference; explicitFileType = wrapper.application; includeInIndex = 0; path = PokeApp.app; sourceTree = BUILT_PRODUCTS_DIR; };
		4636BF8025BC5D5000012FDD /* AppDelegate.swift */ = {isa = PBXFileReference; lastKnownFileType = sourcecode.swift; path = AppDelegate.swift; sourceTree = "<group>"; };
		4636BF8225BC5D5000012FDD /* SceneDelegate.swift */ = {isa = PBXFileReference; lastKnownFileType = sourcecode.swift; path = SceneDelegate.swift; sourceTree = "<group>"; };
		4636BF8925BC5D5100012FDD /* Assets.xcassets */ = {isa = PBXFileReference; lastKnownFileType = folder.assetcatalog; path = Assets.xcassets; sourceTree = "<group>"; };
		4636BF8C25BC5D5100012FDD /* Base */ = {isa = PBXFileReference; lastKnownFileType = file.storyboard; name = Base; path = Base.lproj/LaunchScreen.storyboard; sourceTree = "<group>"; };
		4636BF8E25BC5D5100012FDD /* Info.plist */ = {isa = PBXFileReference; lastKnownFileType = text.plist.xml; path = Info.plist; sourceTree = "<group>"; };
		4636BF9F25BC93E200012FDD /* PokemonListViewController.swift */ = {isa = PBXFileReference; lastKnownFileType = sourcecode.swift; path = PokemonListViewController.swift; sourceTree = "<group>"; };
		4636BFA525BC977000012FDD /* PokemonCell.swift */ = {isa = PBXFileReference; lastKnownFileType = sourcecode.swift; path = PokemonCell.swift; sourceTree = "<group>"; };
		4636BFA925BC9FD400012FDD /* PokemonListService.swift */ = {isa = PBXFileReference; lastKnownFileType = sourcecode.swift; path = PokemonListService.swift; sourceTree = "<group>"; };
		4636BFAD25BCA2C700012FDD /* NetworkError.swift */ = {isa = PBXFileReference; lastKnownFileType = sourcecode.swift; path = NetworkError.swift; sourceTree = "<group>"; };
		4636BFB225BCA32700012FDD /* PokemonItem.swift */ = {isa = PBXFileReference; lastKnownFileType = sourcecode.swift; path = PokemonItem.swift; sourceTree = "<group>"; };
		4636BFB525BCAD2800012FDD /* PokemonAPIResponse.swift */ = {isa = PBXFileReference; lastKnownFileType = sourcecode.swift; path = PokemonAPIResponse.swift; sourceTree = "<group>"; };
		4637C5B025C0D73600E766AD /* PokeAPI.swift */ = {isa = PBXFileReference; lastKnownFileType = sourcecode.swift; path = PokeAPI.swift; sourceTree = "<group>"; };
		4640DC0125C33E5300421F12 /* PokemonDetailsViewController.swift */ = {isa = PBXFileReference; lastKnownFileType = sourcecode.swift; path = PokemonDetailsViewController.swift; sourceTree = "<group>"; };
		46877AF325C2324500DA9695 /* UIImageView+Nuke.swift */ = {isa = PBXFileReference; lastKnownFileType = sourcecode.swift; path = "UIImageView+Nuke.swift"; sourceTree = "<group>"; };
		46D860C525BF87D4008AC166 /* UIHelper.swift */ = {isa = PBXFileReference; lastKnownFileType = sourcecode.swift; path = UIHelper.swift; sourceTree = "<group>"; };
		63A881A12F236498248F83AA /* Pods-PokeApp.debug.xcconfig */ = {isa = PBXFileReference; includeInIndex = 1; lastKnownFileType = text.xcconfig; name = "Pods-PokeApp.debug.xcconfig"; path = "Target Support Files/Pods-PokeApp/Pods-PokeApp.debug.xcconfig"; sourceTree = "<group>"; };
		D55ADFAE44E6780EA965D1BB /* Pods_PokeApp.framework */ = {isa = PBXFileReference; explicitFileType = wrapper.framework; includeInIndex = 0; path = Pods_PokeApp.framework; sourceTree = BUILT_PRODUCTS_DIR; };
/* End PBXFileReference section */

/* Begin PBXFrameworksBuildPhase section */
		4636BF7A25BC5D5000012FDD /* Frameworks */ = {
			isa = PBXFrameworksBuildPhase;
			buildActionMask = 2147483647;
			files = (
				DE1DBF7F4C2082912C1CA745 /* Pods_PokeApp.framework in Frameworks */,
			);
			runOnlyForDeploymentPostprocessing = 0;
		};
/* End PBXFrameworksBuildPhase section */

/* Begin PBXGroup section */
		3D699E2187099C7B83EBE1D4 /* Frameworks */ = {
			isa = PBXGroup;
			children = (
				D55ADFAE44E6780EA965D1BB /* Pods_PokeApp.framework */,
			);
			name = Frameworks;
			sourceTree = "<group>";
		};
		460671BA25C36E9100E4F220 /* View */ = {
			isa = PBXGroup;
			children = (
				460671BB25C36EA300E4F220 /* PokemonBoxView.swift */,
			);
			path = View;
			sourceTree = "<group>";
		};
		462AFA7825C0DCD100B0A259 /* ViewModel */ = {
			isa = PBXGroup;
			children = (
				462AFA7925C0DCE900B0A259 /* PokemonListViewModel.swift */,
			);
			path = ViewModel;
			sourceTree = "<group>";
		};
		4636BF7425BC5D5000012FDD = {
			isa = PBXGroup;
			children = (
				4636BF7F25BC5D5000012FDD /* PokeApp */,
				4636BF7E25BC5D5000012FDD /* Products */,
				AD8AC7251107491C8FE0B4EA /* Pods */,
				3D699E2187099C7B83EBE1D4 /* Frameworks */,
			);
			sourceTree = "<group>";
		};
		4636BF7E25BC5D5000012FDD /* Products */ = {
			isa = PBXGroup;
			children = (
				4636BF7D25BC5D5000012FDD /* PokeApp.app */,
			);
			name = Products;
			sourceTree = "<group>";
		};
		4636BF7F25BC5D5000012FDD /* PokeApp */ = {
			isa = PBXGroup;
			children = (
				46877AF225C2322B00DA9695 /* Extension */,
				4636BFB125BCA31E00012FDD /* Model */,
				46D860BF25BF8658008AC166 /* Modules */,
				4636BFAC25BCA2B100012FDD /* Utilities */,
				4636BF8025BC5D5000012FDD /* AppDelegate.swift */,
				4636BF8225BC5D5000012FDD /* SceneDelegate.swift */,
				4636BF8925BC5D5100012FDD /* Assets.xcassets */,
				4636BF8B25BC5D5100012FDD /* LaunchScreen.storyboard */,
				4636BF8E25BC5D5100012FDD /* Info.plist */,
			);
			path = PokeApp;
			sourceTree = "<group>";
		};
		4636BF9E25BC93CF00012FDD /* Controller */ = {
			isa = PBXGroup;
			children = (
				4636BF9F25BC93E200012FDD /* PokemonListViewController.swift */,
			);
			path = Controller;
			sourceTree = "<group>";
		};
		4636BFA325BC974200012FDD /* View */ = {
			isa = PBXGroup;
			children = (
				4636BFA525BC977000012FDD /* PokemonCell.swift */,
			);
			path = View;
			sourceTree = "<group>";
		};
		4636BFAC25BCA2B100012FDD /* Utilities */ = {
			isa = PBXGroup;
			children = (
				4637C5B025C0D73600E766AD /* PokeAPI.swift */,
				4636BFAD25BCA2C700012FDD /* NetworkError.swift */,
				46D860C525BF87D4008AC166 /* UIHelper.swift */,
				460671BE25C37A3800E4F220 /* UIColor+Ext.swift */,
			);
			path = Utilities;
			sourceTree = "<group>";
		};
		4636BFB125BCA31E00012FDD /* Model */ = {
			isa = PBXGroup;
			children = (
				4636BFB525BCAD2800012FDD /* PokemonAPIResponse.swift */,
				4636BFB225BCA32700012FDD /* PokemonItem.swift */,
			);
			path = Model;
			sourceTree = "<group>";
		};
		4637C5AC25C0D2FE00E766AD /* Service */ = {
			isa = PBXGroup;
			children = (
				4636BFA925BC9FD400012FDD /* PokemonListService.swift */,
			);
			path = Service;
			sourceTree = "<group>";
		};
		4640DBFD25C33DFD00421F12 /* PokemonDetails */ = {
			isa = PBXGroup;
			children = (
				460671BA25C36E9100E4F220 /* View */,
				4640DBFE25C33E1900421F12 /* Controller */,
				4640DBFF25C33E1F00421F12 /* ViewModel */,
			);
			path = PokemonDetails;
			sourceTree = "<group>";
		};
		4640DBFE25C33E1900421F12 /* Controller */ = {
			isa = PBXGroup;
			children = (
				4640DC0125C33E5300421F12 /* PokemonDetailsViewController.swift */,
			);
			path = Controller;
			sourceTree = "<group>";
		};
		4640DBFF25C33E1F00421F12 /* ViewModel */ = {
			isa = PBXGroup;
			children = (
				460671C125C384E800E4F220 /* PokemonDetailsViewModel.swift */,
			);
			path = ViewModel;
			sourceTree = "<group>";
		};
		46877AF225C2322B00DA9695 /* Extension */ = {
			isa = PBXGroup;
			children = (
				46877AF325C2324500DA9695 /* UIImageView+Nuke.swift */,
			);
			path = Extension;
			sourceTree = "<group>";
		};
		46D860BF25BF8658008AC166 /* Modules */ = {
			isa = PBXGroup;
			children = (
				4640DBFD25C33DFD00421F12 /* PokemonDetails */,
				46D860C025BF866E008AC166 /* PokemonList */,
			);
			path = Modules;
			sourceTree = "<group>";
		};
		46D860C025BF866E008AC166 /* PokemonList */ = {
			isa = PBXGroup;
			children = (
				4636BF9E25BC93CF00012FDD /* Controller */,
				4637C5AC25C0D2FE00E766AD /* Service */,
				4636BFA325BC974200012FDD /* View */,
				462AFA7825C0DCD100B0A259 /* ViewModel */,
			);
			path = PokemonList;
			sourceTree = "<group>";
		};
		AD8AC7251107491C8FE0B4EA /* Pods */ = {
			isa = PBXGroup;
			children = (
				63A881A12F236498248F83AA /* Pods-PokeApp.debug.xcconfig */,
				1CDC36B12F8F68A0ABAB5B3E /* Pods-PokeApp.release.xcconfig */,
			);
			path = Pods;
			sourceTree = "<group>";
		};
/* End PBXGroup section */

/* Begin PBXNativeTarget section */
		4636BF7C25BC5D5000012FDD /* PokeApp */ = {
			isa = PBXNativeTarget;
			buildConfigurationList = 4636BF9125BC5D5100012FDD /* Build configuration list for PBXNativeTarget "PokeApp" */;
			buildPhases = (
				F15CCE5A7187A7F940A6A263 /* [CP] Check Pods Manifest.lock */,
				4636BF7925BC5D5000012FDD /* Sources */,
				4636BF7A25BC5D5000012FDD /* Frameworks */,
				4636BF7B25BC5D5000012FDD /* Resources */,
				094E7AC2C0FA7DCC449AD2CB /* [CP] Embed Pods Frameworks */,
			);
			buildRules = (
			);
			dependencies = (
			);
			name = PokeApp;
			productName = PokeApp;
			productReference = 4636BF7D25BC5D5000012FDD /* PokeApp.app */;
			productType = "com.apple.product-type.application";
		};
/* End PBXNativeTarget section */

/* Begin PBXProject section */
		4636BF7525BC5D5000012FDD /* Project object */ = {
			isa = PBXProject;
			attributes = {
				LastSwiftUpdateCheck = 1230;
				LastUpgradeCheck = 1230;
				TargetAttributes = {
					4636BF7C25BC5D5000012FDD = {
						CreatedOnToolsVersion = 12.3;
					};
				};
			};
			buildConfigurationList = 4636BF7825BC5D5000012FDD /* Build configuration list for PBXProject "PokeApp" */;
			compatibilityVersion = "Xcode 9.3";
			developmentRegion = en;
			hasScannedForEncodings = 0;
			knownRegions = (
				en,
				Base,
			);
			mainGroup = 4636BF7425BC5D5000012FDD;
			productRefGroup = 4636BF7E25BC5D5000012FDD /* Products */;
			projectDirPath = "";
			projectRoot = "";
			targets = (
				4636BF7C25BC5D5000012FDD /* PokeApp */,
			);
		};
/* End PBXProject section */

/* Begin PBXResourcesBuildPhase section */
		4636BF7B25BC5D5000012FDD /* Resources */ = {
			isa = PBXResourcesBuildPhase;
			buildActionMask = 2147483647;
			files = (
				4636BF8D25BC5D5100012FDD /* LaunchScreen.storyboard in Resources */,
				4636BF8A25BC5D5100012FDD /* Assets.xcassets in Resources */,
			);
			runOnlyForDeploymentPostprocessing = 0;
		};
/* End PBXResourcesBuildPhase section */

/* Begin PBXShellScriptBuildPhase section */
		094E7AC2C0FA7DCC449AD2CB /* [CP] Embed Pods Frameworks */ = {
			isa = PBXShellScriptBuildPhase;
			buildActionMask = 2147483647;
			files = (
			);
			inputFileListPaths = (
				"${PODS_ROOT}/Target Support Files/Pods-PokeApp/Pods-PokeApp-frameworks-${CONFIGURATION}-input-files.xcfilelist",
			);
			name = "[CP] Embed Pods Frameworks";
			outputFileListPaths = (
				"${PODS_ROOT}/Target Support Files/Pods-PokeApp/Pods-PokeApp-frameworks-${CONFIGURATION}-output-files.xcfilelist",
			);
			runOnlyForDeploymentPostprocessing = 0;
			shellPath = /bin/sh;
			shellScript = "\"${PODS_ROOT}/Target Support Files/Pods-PokeApp/Pods-PokeApp-frameworks.sh\"\n";
			showEnvVarsInLog = 0;
		};
		F15CCE5A7187A7F940A6A263 /* [CP] Check Pods Manifest.lock */ = {
			isa = PBXShellScriptBuildPhase;
			buildActionMask = 2147483647;
			files = (
			);
			inputFileListPaths = (
			);
			inputPaths = (
				"${PODS_PODFILE_DIR_PATH}/Podfile.lock",
				"${PODS_ROOT}/Manifest.lock",
			);
			name = "[CP] Check Pods Manifest.lock";
			outputFileListPaths = (
			);
			outputPaths = (
				"$(DERIVED_FILE_DIR)/Pods-PokeApp-checkManifestLockResult.txt",
			);
			runOnlyForDeploymentPostprocessing = 0;
			shellPath = /bin/sh;
			shellScript = "diff \"${PODS_PODFILE_DIR_PATH}/Podfile.lock\" \"${PODS_ROOT}/Manifest.lock\" > /dev/null\nif [ $? != 0 ] ; then\n    # print error to STDERR\n    echo \"error: The sandbox is not in sync with the Podfile.lock. Run 'pod install' or update your CocoaPods installation.\" >&2\n    exit 1\nfi\n# This output is used by Xcode 'outputs' to avoid re-running this script phase.\necho \"SUCCESS\" > \"${SCRIPT_OUTPUT_FILE_0}\"\n";
			showEnvVarsInLog = 0;
		};
/* End PBXShellScriptBuildPhase section */

/* Begin PBXSourcesBuildPhase section */
		4636BF7925BC5D5000012FDD /* Sources */ = {
			isa = PBXSourcesBuildPhase;
			buildActionMask = 2147483647;
			files = (
				4636BF8125BC5D5000012FDD /* AppDelegate.swift in Sources */,
				462AFA7A25C0DCE900B0A259 /* PokemonListViewModel.swift in Sources */,
				4636BFAA25BC9FD400012FDD /* PokemonListService.swift in Sources */,
				4636BFB325BCA32700012FDD /* PokemonItem.swift in Sources */,
				460671BF25C37A3800E4F220 /* UIColor+Ext.swift in Sources */,
				460671C225C384E800E4F220 /* PokemonDetailsViewModel.swift in Sources */,
				4636BFA025BC93E200012FDD /* PokemonListViewController.swift in Sources */,
				4636BFA625BC977000012FDD /* PokemonCell.swift in Sources */,
				4636BFB625BCAD2800012FDD /* PokemonAPIResponse.swift in Sources */,
				46877AF425C2324500DA9695 /* UIImageView+Nuke.swift in Sources */,
				4636BF8325BC5D5000012FDD /* SceneDelegate.swift in Sources */,
				4640DC0225C33E5300421F12 /* PokemonDetailsViewController.swift in Sources */,
				460671BC25C36EA300E4F220 /* PokemonBoxView.swift in Sources */,
				4637C5B125C0D73600E766AD /* PokeAPI.swift in Sources */,
				4636BFAE25BCA2C700012FDD /* NetworkError.swift in Sources */,
				46D860C625BF87D4008AC166 /* UIHelper.swift in Sources */,
			);
			runOnlyForDeploymentPostprocessing = 0;
		};
/* End PBXSourcesBuildPhase section */

/* Begin PBXVariantGroup section */
		4636BF8B25BC5D5100012FDD /* LaunchScreen.storyboard */ = {
			isa = PBXVariantGroup;
			children = (
				4636BF8C25BC5D5100012FDD /* Base */,
			);
			name = LaunchScreen.storyboard;
			sourceTree = "<group>";
		};
/* End PBXVariantGroup section */

/* Begin XCBuildConfiguration section */
		4636BF8F25BC5D5100012FDD /* Debug */ = {
			isa = XCBuildConfiguration;
			buildSettings = {
				ALWAYS_SEARCH_USER_PATHS = NO;
				CLANG_ANALYZER_NONNULL = YES;
				CLANG_ANALYZER_NUMBER_OBJECT_CONVERSION = YES_AGGRESSIVE;
				CLANG_CXX_LANGUAGE_STANDARD = "gnu++14";
				CLANG_CXX_LIBRARY = "libc++";
				CLANG_ENABLE_MODULES = YES;
				CLANG_ENABLE_OBJC_ARC = YES;
				CLANG_ENABLE_OBJC_WEAK = YES;
				CLANG_WARN_BLOCK_CAPTURE_AUTORELEASING = YES;
				CLANG_WARN_BOOL_CONVERSION = YES;
				CLANG_WARN_COMMA = YES;
				CLANG_WARN_CONSTANT_CONVERSION = YES;
				CLANG_WARN_DEPRECATED_OBJC_IMPLEMENTATIONS = YES;
				CLANG_WARN_DIRECT_OBJC_ISA_USAGE = YES_ERROR;
				CLANG_WARN_DOCUMENTATION_COMMENTS = YES;
				CLANG_WARN_EMPTY_BODY = YES;
				CLANG_WARN_ENUM_CONVERSION = YES;
				CLANG_WARN_INFINITE_RECURSION = YES;
				CLANG_WARN_INT_CONVERSION = YES;
				CLANG_WARN_NON_LITERAL_NULL_CONVERSION = YES;
				CLANG_WARN_OBJC_IMPLICIT_RETAIN_SELF = YES;
				CLANG_WARN_OBJC_LITERAL_CONVERSION = YES;
				CLANG_WARN_OBJC_ROOT_CLASS = YES_ERROR;
				CLANG_WARN_QUOTED_INCLUDE_IN_FRAMEWORK_HEADER = YES;
				CLANG_WARN_RANGE_LOOP_ANALYSIS = YES;
				CLANG_WARN_STRICT_PROTOTYPES = YES;
				CLANG_WARN_SUSPICIOUS_MOVE = YES;
				CLANG_WARN_UNGUARDED_AVAILABILITY = YES_AGGRESSIVE;
				CLANG_WARN_UNREACHABLE_CODE = YES;
				CLANG_WARN__DUPLICATE_METHOD_MATCH = YES;
				COPY_PHASE_STRIP = NO;
				DEBUG_INFORMATION_FORMAT = dwarf;
				ENABLE_STRICT_OBJC_MSGSEND = YES;
				ENABLE_TESTABILITY = YES;
				GCC_C_LANGUAGE_STANDARD = gnu11;
				GCC_DYNAMIC_NO_PIC = NO;
				GCC_NO_COMMON_BLOCKS = YES;
				GCC_OPTIMIZATION_LEVEL = 0;
				GCC_PREPROCESSOR_DEFINITIONS = (
					"DEBUG=1",
					"$(inherited)",
				);
				GCC_WARN_64_TO_32_BIT_CONVERSION = YES;
				GCC_WARN_ABOUT_RETURN_TYPE = YES_ERROR;
				GCC_WARN_UNDECLARED_SELECTOR = YES;
				GCC_WARN_UNINITIALIZED_AUTOS = YES_AGGRESSIVE;
				GCC_WARN_UNUSED_FUNCTION = YES;
				GCC_WARN_UNUSED_VARIABLE = YES;
				IPHONEOS_DEPLOYMENT_TARGET = 14.3;
				MTL_ENABLE_DEBUG_INFO = INCLUDE_SOURCE;
				MTL_FAST_MATH = YES;
				ONLY_ACTIVE_ARCH = YES;
				SDKROOT = iphoneos;
				SWIFT_ACTIVE_COMPILATION_CONDITIONS = DEBUG;
				SWIFT_OPTIMIZATION_LEVEL = "-Onone";
			};
			name = Debug;
		};
		4636BF9025BC5D5100012FDD /* Release */ = {
			isa = XCBuildConfiguration;
			buildSettings = {
				ALWAYS_SEARCH_USER_PATHS = NO;
				CLANG_ANALYZER_NONNULL = YES;
				CLANG_ANALYZER_NUMBER_OBJECT_CONVERSION = YES_AGGRESSIVE;
				CLANG_CXX_LANGUAGE_STANDARD = "gnu++14";
				CLANG_CXX_LIBRARY = "libc++";
				CLANG_ENABLE_MODULES = YES;
				CLANG_ENABLE_OBJC_ARC = YES;
				CLANG_ENABLE_OBJC_WEAK = YES;
				CLANG_WARN_BLOCK_CAPTURE_AUTORELEASING = YES;
				CLANG_WARN_BOOL_CONVERSION = YES;
				CLANG_WARN_COMMA = YES;
				CLANG_WARN_CONSTANT_CONVERSION = YES;
				CLANG_WARN_DEPRECATED_OBJC_IMPLEMENTATIONS = YES;
				CLANG_WARN_DIRECT_OBJC_ISA_USAGE = YES_ERROR;
				CLANG_WARN_DOCUMENTATION_COMMENTS = YES;
				CLANG_WARN_EMPTY_BODY = YES;
				CLANG_WARN_ENUM_CONVERSION = YES;
				CLANG_WARN_INFINITE_RECURSION = YES;
				CLANG_WARN_INT_CONVERSION = YES;
				CLANG_WARN_NON_LITERAL_NULL_CONVERSION = YES;
				CLANG_WARN_OBJC_IMPLICIT_RETAIN_SELF = YES;
				CLANG_WARN_OBJC_LITERAL_CONVERSION = YES;
				CLANG_WARN_OBJC_ROOT_CLASS = YES_ERROR;
				CLANG_WARN_QUOTED_INCLUDE_IN_FRAMEWORK_HEADER = YES;
				CLANG_WARN_RANGE_LOOP_ANALYSIS = YES;
				CLANG_WARN_STRICT_PROTOTYPES = YES;
				CLANG_WARN_SUSPICIOUS_MOVE = YES;
				CLANG_WARN_UNGUARDED_AVAILABILITY = YES_AGGRESSIVE;
				CLANG_WARN_UNREACHABLE_CODE = YES;
				CLANG_WARN__DUPLICATE_METHOD_MATCH = YES;
				COPY_PHASE_STRIP = NO;
				DEBUG_INFORMATION_FORMAT = "dwarf-with-dsym";
				ENABLE_NS_ASSERTIONS = NO;
				ENABLE_STRICT_OBJC_MSGSEND = YES;
				GCC_C_LANGUAGE_STANDARD = gnu11;
				GCC_NO_COMMON_BLOCKS = YES;
				GCC_WARN_64_TO_32_BIT_CONVERSION = YES;
				GCC_WARN_ABOUT_RETURN_TYPE = YES_ERROR;
				GCC_WARN_UNDECLARED_SELECTOR = YES;
				GCC_WARN_UNINITIALIZED_AUTOS = YES_AGGRESSIVE;
				GCC_WARN_UNUSED_FUNCTION = YES;
				GCC_WARN_UNUSED_VARIABLE = YES;
				IPHONEOS_DEPLOYMENT_TARGET = 14.3;
				MTL_ENABLE_DEBUG_INFO = NO;
				MTL_FAST_MATH = YES;
				SDKROOT = iphoneos;
				SWIFT_COMPILATION_MODE = wholemodule;
				SWIFT_OPTIMIZATION_LEVEL = "-O";
				VALIDATE_PRODUCT = YES;
			};
			name = Release;
		};
		4636BF9225BC5D5100012FDD /* Debug */ = {
			isa = XCBuildConfiguration;
			baseConfigurationReference = 63A881A12F236498248F83AA /* Pods-PokeApp.debug.xcconfig */;
			buildSettings = {
				ASSETCATALOG_COMPILER_APPICON_NAME = AppIcon;
				ASSETCATALOG_COMPILER_GLOBAL_ACCENT_COLOR_NAME = AccentColor;
				CODE_SIGN_STYLE = Automatic;
				DEVELOPMENT_TEAM = 5G8R9XCSYX;
				INFOPLIST_FILE = PokeApp/Info.plist;
				LD_RUNPATH_SEARCH_PATHS = (
					"$(inherited)",
					"@executable_path/Frameworks",
				);
				PRODUCT_BUNDLE_IDENTIFIER = com.revangelista.PokeApp;
				PRODUCT_NAME = "$(TARGET_NAME)";
				SWIFT_VERSION = 5.0;
				TARGETED_DEVICE_FAMILY = "1,2";
			};
			name = Debug;
		};
		4636BF9325BC5D5100012FDD /* Release */ = {
			isa = XCBuildConfiguration;
			baseConfigurationReference = 1CDC36B12F8F68A0ABAB5B3E /* Pods-PokeApp.release.xcconfig */;
			buildSettings = {
				ASSETCATALOG_COMPILER_APPICON_NAME = AppIcon;
				ASSETCATALOG_COMPILER_GLOBAL_ACCENT_COLOR_NAME = AccentColor;
				CODE_SIGN_STYLE = Automatic;
				DEVELOPMENT_TEAM = 5G8R9XCSYX;
				INFOPLIST_FILE = PokeApp/Info.plist;
				LD_RUNPATH_SEARCH_PATHS = (
					"$(inherited)",
					"@executable_path/Frameworks",
				);
				PRODUCT_BUNDLE_IDENTIFIER = com.revangelista.PokeApp;
				PRODUCT_NAME = "$(TARGET_NAME)";
				SWIFT_VERSION = 5.0;
				TARGETED_DEVICE_FAMILY = "1,2";
			};
			name = Release;
		};
/* End XCBuildConfiguration section */

/* Begin XCConfigurationList section */
		4636BF7825BC5D5000012FDD /* Build configuration list for PBXProject "PokeApp" */ = {
			isa = XCConfigurationList;
			buildConfigurations = (
				4636BF8F25BC5D5100012FDD /* Debug */,
				4636BF9025BC5D5100012FDD /* Release */,
			);
			defaultConfigurationIsVisible = 0;
			defaultConfigurationName = Release;
		};
		4636BF9125BC5D5100012FDD /* Build configuration list for PBXNativeTarget "PokeApp" */ = {
			isa = XCConfigurationList;
			buildConfigurations = (
				4636BF9225BC5D5100012FDD /* Debug */,
				4636BF9325BC5D5100012FDD /* Release */,
			);
			defaultConfigurationIsVisible = 0;
			defaultConfigurationName = Release;
		};
/* End XCConfigurationList section */
	};
	rootObject = 4636BF7525BC5D5000012FDD /* Project object */;
}
